// !$*UTF8*$!
{
	archiveVersion = 1;
	classes = {
	};
	objectVersion = 56;
	objects = {

/* Begin PBXBuildFile section */
		49076F49289E4B28000E5C2C /* AnimalSelection.intentdefinition in Sources */ = {isa = PBXBuildFile; fileRef = 49076F48289E4B28000E5C2C /* AnimalSelection.intentdefinition */; };
		49076F4A289E4B6E000E5C2C /* AnimalSelection.intentdefinition in Sources */ = {isa = PBXBuildFile; fileRef = 49076F48289E4B28000E5C2C /* AnimalSelection.intentdefinition */; };
		49076F4D289E5C88000E5C2C /* AnimalDetail.swift in Sources */ = {isa = PBXBuildFile; fileRef = 49076F4C289E5C88000E5C2C /* AnimalDetail.swift */; };
		49076F4E289E5C88000E5C2C /* AnimalDetail.swift in Sources */ = {isa = PBXBuildFile; fileRef = 49076F4C289E5C88000E5C2C /* AnimalDetail.swift */; };
		49F74470289D59D90076D251 /* WidgetsApp.swift in Sources */ = {isa = PBXBuildFile; fileRef = 49F7446F289D59D90076D251 /* WidgetsApp.swift */; };
		49F74472289D59D90076D251 /* ContentView.swift in Sources */ = {isa = PBXBuildFile; fileRef = 49F74471289D59D90076D251 /* ContentView.swift */; };
		49F74474289D59DA0076D251 /* Assets.xcassets in Resources */ = {isa = PBXBuildFile; fileRef = 49F74473289D59DA0076D251 /* Assets.xcassets */; };
		49F74477289D59DA0076D251 /* Preview Assets.xcassets in Resources */ = {isa = PBXBuildFile; fileRef = 49F74476289D59DA0076D251 /* Preview Assets.xcassets */; };
		49F74484289D5A2D0076D251 /* WidgetKit.framework in Frameworks */ = {isa = PBXBuildFile; fileRef = 49F74483289D5A2C0076D251 /* WidgetKit.framework */; };
		49F74486289D5A2D0076D251 /* SwiftUI.framework in Frameworks */ = {isa = PBXBuildFile; fileRef = 49F74485289D5A2D0076D251 /* SwiftUI.framework */; };
		49F74489289D5A2D0076D251 /* WidgetExtension.swift in Sources */ = {isa = PBXBuildFile; fileRef = 49F74488289D5A2D0076D251 /* WidgetExtension.swift */; };
		49F7448C289D5A2E0076D251 /* Assets.xcassets in Resources */ = {isa = PBXBuildFile; fileRef = 49F7448B289D5A2E0076D251 /* Assets.xcassets */; };
		49F7448E289D5A2E0076D251 /* WidgetExtension.intentdefinition in Sources */ = {isa = PBXBuildFile; fileRef = 49F7448A289D5A2D0076D251 /* WidgetExtension.intentdefinition */; };
		49F7448F289D5A2E0076D251 /* WidgetExtension.intentdefinition in Sources */ = {isa = PBXBuildFile; fileRef = 49F7448A289D5A2D0076D251 /* WidgetExtension.intentdefinition */; };
		49F74492289D5A2E0076D251 /* WidgetExtensionExtension.appex in Embed Foundation Extensions */ = {isa = PBXBuildFile; fileRef = 49F74481289D5A2C0076D251 /* WidgetExtensionExtension.appex */; settings = {ATTRIBUTES = (RemoveHeadersOnCopy, ); }; };
/* End PBXBuildFile section */

/* Begin PBXContainerItemProxy section */
		49F74490289D5A2E0076D251 /* PBXContainerItemProxy */ = {
			isa = PBXContainerItemProxy;
			containerPortal = 49F74464289D59D90076D251 /* Project object */;
			proxyType = 1;
			remoteGlobalIDString = 49F74480289D5A2C0076D251;
			remoteInfo = WidgetExtensionExtension;
		};
/* End PBXContainerItemProxy section */

/* Begin PBXCopyFilesBuildPhase section */
		49F74496289D5A2E0076D251 /* Embed Foundation Extensions */ = {
			isa = PBXCopyFilesBuildPhase;
			buildActionMask = 2147483647;
			dstPath = "";
			dstSubfolderSpec = 13;
			files = (
				49F74492289D5A2E0076D251 /* WidgetExtensionExtension.appex in Embed Foundation Extensions */,
			);
			name = "Embed Foundation Extensions";
			runOnlyForDeploymentPostprocessing = 0;
		};
/* End PBXCopyFilesBuildPhase section */

/* Begin PBXFileReference section */
		49076F48289E4B28000E5C2C /* AnimalSelection.intentdefinition */ = {isa = PBXFileReference; lastKnownFileType = file.intentdefinition; path = AnimalSelection.intentdefinition; sourceTree = "<group>"; };
		49076F4B289E4B9F000E5C2C /* Info.plist */ = {isa = PBXFileReference; lastKnownFileType = text.plist; path = Info.plist; sourceTree = "<group>"; };
		49076F4C289E5C88000E5C2C /* AnimalDetail.swift */ = {isa = PBXFileReference; lastKnownFileType = sourcecode.swift; path = AnimalDetail.swift; sourceTree = "<group>"; };
		49F7446C289D59D90076D251 /* Widgets.app */ = {isa = PBXFileReference; explicitFileType = wrapper.application; includeInIndex = 0; path = Widgets.app; sourceTree = BUILT_PRODUCTS_DIR; };
		49F7446F289D59D90076D251 /* WidgetsApp.swift */ = {isa = PBXFileReference; lastKnownFileType = sourcecode.swift; path = WidgetsApp.swift; sourceTree = "<group>"; };
		49F74471289D59D90076D251 /* ContentView.swift */ = {isa = PBXFileReference; lastKnownFileType = sourcecode.swift; path = ContentView.swift; sourceTree = "<group>"; };
		49F74473289D59DA0076D251 /* Assets.xcassets */ = {isa = PBXFileReference; lastKnownFileType = folder.assetcatalog; path = Assets.xcassets; sourceTree = "<group>"; };
		49F74476289D59DA0076D251 /* Preview Assets.xcassets */ = {isa = PBXFileReference; lastKnownFileType = folder.assetcatalog; path = "Preview Assets.xcassets"; sourceTree = "<group>"; };
		49F74481289D5A2C0076D251 /* WidgetExtensionExtension.appex */ = {isa = PBXFileReference; explicitFileType = "wrapper.app-extension"; includeInIndex = 0; path = WidgetExtensionExtension.appex; sourceTree = BUILT_PRODUCTS_DIR; };
		49F74483289D5A2C0076D251 /* WidgetKit.framework */ = {isa = PBXFileReference; lastKnownFileType = wrapper.framework; name = WidgetKit.framework; path = System/Library/Frameworks/WidgetKit.framework; sourceTree = SDKROOT; };
		49F74485289D5A2D0076D251 /* SwiftUI.framework */ = {isa = PBXFileReference; lastKnownFileType = wrapper.framework; name = SwiftUI.framework; path = System/Library/Frameworks/SwiftUI.framework; sourceTree = SDKROOT; };
		49F74488289D5A2D0076D251 /* WidgetExtension.swift */ = {isa = PBXFileReference; lastKnownFileType = sourcecode.swift; path = WidgetExtension.swift; sourceTree = "<group>"; };
		49F7448A289D5A2D0076D251 /* WidgetExtension.intentdefinition */ = {isa = PBXFileReference; lastKnownFileType = file.intentdefinition; path = WidgetExtension.intentdefinition; sourceTree = "<group>"; };
		49F7448B289D5A2E0076D251 /* Assets.xcassets */ = {isa = PBXFileReference; lastKnownFileType = folder.assetcatalog; path = Assets.xcassets; sourceTree = "<group>"; };
		49F7448D289D5A2E0076D251 /* Info.plist */ = {isa = PBXFileReference; lastKnownFileType = text.plist.xml; path = Info.plist; sourceTree = "<group>"; };
/* End PBXFileReference section */

/* Begin PBXFrameworksBuildPhase section */
		49F74469289D59D90076D251 /* Frameworks */ = {
			isa = PBXFrameworksBuildPhase;
			buildActionMask = 2147483647;
			files = (
			);
			runOnlyForDeploymentPostprocessing = 0;
		};
		49F7447E289D5A2C0076D251 /* Frameworks */ = {
			isa = PBXFrameworksBuildPhase;
			buildActionMask = 2147483647;
			files = (
				49F74486289D5A2D0076D251 /* SwiftUI.framework in Frameworks */,
				49F74484289D5A2D0076D251 /* WidgetKit.framework in Frameworks */,
			);
			runOnlyForDeploymentPostprocessing = 0;
		};
/* End PBXFrameworksBuildPhase section */

/* Begin PBXGroup section */
		49F74463289D59D90076D251 = {
			isa = PBXGroup;
			children = (
				49F7446E289D59D90076D251 /* Widgets */,
				49F74487289D5A2D0076D251 /* WidgetExtension */,
				49F74482289D5A2C0076D251 /* Frameworks */,
				49F7446D289D59D90076D251 /* Products */,
			);
			sourceTree = "<group>";
		};
		49F7446D289D59D90076D251 /* Products */ = {
			isa = PBXGroup;
			children = (
				49F7446C289D59D90076D251 /* Widgets.app */,
				49F74481289D5A2C0076D251 /* WidgetExtensionExtension.appex */,
			);
			name = Products;
			sourceTree = "<group>";
		};
		49F7446E289D59D90076D251 /* Widgets */ = {
			isa = PBXGroup;
			children = (
				49076F4B289E4B9F000E5C2C /* Info.plist */,
				49F7446F289D59D90076D251 /* WidgetsApp.swift */,
				49F74471289D59D90076D251 /* ContentView.swift */,
				49F74473289D59DA0076D251 /* Assets.xcassets */,
				49F74475289D59DA0076D251 /* Preview Content */,
				49076F4C289E5C88000E5C2C /* AnimalDetail.swift */,
			);
			path = Widgets;
			sourceTree = "<group>";
		};
		49F74475289D59DA0076D251 /* Preview Content */ = {
			isa = PBXGroup;
			children = (
				49F74476289D59DA0076D251 /* Preview Assets.xcassets */,
			);
			path = "Preview Content";
			sourceTree = "<group>";
		};
		49F74482289D5A2C0076D251 /* Frameworks */ = {
			isa = PBXGroup;
			children = (
				49F74483289D5A2C0076D251 /* WidgetKit.framework */,
				49F74485289D5A2D0076D251 /* SwiftUI.framework */,
			);
			name = Frameworks;
			sourceTree = "<group>";
		};
		49F74487289D5A2D0076D251 /* WidgetExtension */ = {
			isa = PBXGroup;
			children = (
				49F74488289D5A2D0076D251 /* WidgetExtension.swift */,
				49076F48289E4B28000E5C2C /* AnimalSelection.intentdefinition */,
				49F7448A289D5A2D0076D251 /* WidgetExtension.intentdefinition */,
				49F7448B289D5A2E0076D251 /* Assets.xcassets */,
				49F7448D289D5A2E0076D251 /* Info.plist */,
			);
			path = WidgetExtension;
			sourceTree = "<group>";
		};
/* End PBXGroup section */

/* Begin PBXNativeTarget section */
		49F7446B289D59D90076D251 /* Widgets */ = {
			isa = PBXNativeTarget;
			buildConfigurationList = 49F7447A289D59DA0076D251 /* Build configuration list for PBXNativeTarget "Widgets" */;
			buildPhases = (
				49F74468289D59D90076D251 /* Sources */,
				49F74469289D59D90076D251 /* Frameworks */,
				49F7446A289D59D90076D251 /* Resources */,
				49F74496289D5A2E0076D251 /* Embed Foundation Extensions */,
			);
			buildRules = (
			);
			dependencies = (
				49F74491289D5A2E0076D251 /* PBXTargetDependency */,
			);
			name = Widgets;
			productName = Widgets;
			productReference = 49F7446C289D59D90076D251 /* Widgets.app */;
			productType = "com.apple.product-type.application";
		};
		49F74480289D5A2C0076D251 /* WidgetExtensionExtension */ = {
			isa = PBXNativeTarget;
			buildConfigurationList = 49F74493289D5A2E0076D251 /* Build configuration list for PBXNativeTarget "WidgetExtensionExtension" */;
			buildPhases = (
				49F7447D289D5A2C0076D251 /* Sources */,
				49F7447E289D5A2C0076D251 /* Frameworks */,
				49F7447F289D5A2C0076D251 /* Resources */,
			);
			buildRules = (
			);
			dependencies = (
			);
			name = WidgetExtensionExtension;
			productName = WidgetExtensionExtension;
			productReference = 49F74481289D5A2C0076D251 /* WidgetExtensionExtension.appex */;
			productType = "com.apple.product-type.app-extension";
		};
/* End PBXNativeTarget section */

/* Begin PBXProject section */
		49F74464289D59D90076D251 /* Project object */ = {
			isa = PBXProject;
			attributes = {
				BuildIndependentTargetsInParallel = 1;
				LastSwiftUpdateCheck = 1400;
				LastUpgradeCheck = 1400;
				TargetAttributes = {
					49F7446B289D59D90076D251 = {
						CreatedOnToolsVersion = 14.0;
					};
					49F74480289D5A2C0076D251 = {
						CreatedOnToolsVersion = 14.0;
					};
				};
			};
			buildConfigurationList = 49F74467289D59D90076D251 /* Build configuration list for PBXProject "Widgets" */;
			compatibilityVersion = "Xcode 14.0";
			developmentRegion = en;
			hasScannedForEncodings = 0;
			knownRegions = (
				en,
				Base,
			);
			mainGroup = 49F74463289D59D90076D251;
			productRefGroup = 49F7446D289D59D90076D251 /* Products */;
			projectDirPath = "";
			projectRoot = "";
			targets = (
				49F7446B289D59D90076D251 /* Widgets */,
				49F74480289D5A2C0076D251 /* WidgetExtensionExtension */,
			);
		};
/* End PBXProject section */

/* Begin PBXResourcesBuildPhase section */
		49F7446A289D59D90076D251 /* Resources */ = {
			isa = PBXResourcesBuildPhase;
			buildActionMask = 2147483647;
			files = (
				49F74477289D59DA0076D251 /* Preview Assets.xcassets in Resources */,
				49F74474289D59DA0076D251 /* Assets.xcassets in Resources */,
			);
			runOnlyForDeploymentPostprocessing = 0;
		};
		49F7447F289D5A2C0076D251 /* Resources */ = {
			isa = PBXResourcesBuildPhase;
			buildActionMask = 2147483647;
			files = (
				49F7448C289D5A2E0076D251 /* Assets.xcassets in Resources */,
			);
			runOnlyForDeploymentPostprocessing = 0;
		};
/* End PBXResourcesBuildPhase section */

/* Begin PBXSourcesBuildPhase section */
		49F74468289D59D90076D251 /* Sources */ = {
			isa = PBXSourcesBuildPhase;
			buildActionMask = 2147483647;
			files = (
				49F74472289D59D90076D251 /* ContentView.swift in Sources */,
				49F74470289D59D90076D251 /* WidgetsApp.swift in Sources */,
				49076F4D289E5C88000E5C2C /* AnimalDetail.swift in Sources */,
				49076F49289E4B28000E5C2C /* AnimalSelection.intentdefinition in Sources */,
				49F7448F289D5A2E0076D251 /* WidgetExtension.intentdefinition in Sources */,
			);
			runOnlyForDeploymentPostprocessing = 0;
		};
		49F7447D289D5A2C0076D251 /* Sources */ = {
			isa = PBXSourcesBuildPhase;
			buildActionMask = 2147483647;
			files = (
				49F7448E289D5A2E0076D251 /* WidgetExtension.intentdefinition in Sources */,
				49F74489289D5A2D0076D251 /* WidgetExtension.swift in Sources */,
				49076F4E289E5C88000E5C2C /* AnimalDetail.swift in Sources */,
				49076F4A289E4B6E000E5C2C /* AnimalSelection.intentdefinition in Sources */,
			);
			runOnlyForDeploymentPostprocessing = 0;
		};
/* End PBXSourcesBuildPhase section */

/* Begin PBXTargetDependency section */
		49F74491289D5A2E0076D251 /* PBXTargetDependency */ = {
			isa = PBXTargetDependency;
			target = 49F74480289D5A2C0076D251 /* WidgetExtensionExtension */;
			targetProxy = 49F74490289D5A2E0076D251 /* PBXContainerItemProxy */;
		};
/* End PBXTargetDependency section */

/* Begin XCBuildConfiguration section */
		49F74478289D59DA0076D251 /* Debug */ = {
			isa = XCBuildConfiguration;
			buildSettings = {
				ALWAYS_SEARCH_USER_PATHS = NO;
				CLANG_ANALYZER_NONNULL = YES;
				CLANG_ANALYZER_NUMBER_OBJECT_CONVERSION = YES_AGGRESSIVE;
				CLANG_CXX_LANGUAGE_STANDARD = "gnu++17";
				CLANG_ENABLE_MODULES = YES;
				CLANG_ENABLE_OBJC_ARC = YES;
				CLANG_ENABLE_OBJC_WEAK = YES;
				CLANG_WARN_BLOCK_CAPTURE_AUTORELEASING = YES;
				CLANG_WARN_BOOL_CONVERSION = YES;
				CLANG_WARN_COMMA = YES;
				CLANG_WARN_CONSTANT_CONVERSION = YES;
				CLANG_WARN_DEPRECATED_OBJC_IMPLEMENTATIONS = YES;
				CLANG_WARN_DIRECT_OBJC_ISA_USAGE = YES_ERROR;
				CLANG_WARN_DOCUMENTATION_COMMENTS = YES;
				CLANG_WARN_EMPTY_BODY = YES;
				CLANG_WARN_ENUM_CONVERSION = YES;
				CLANG_WARN_INFINITE_RECURSION = YES;
				CLANG_WARN_INT_CONVERSION = YES;
				CLANG_WARN_NON_LITERAL_NULL_CONVERSION = YES;
				CLANG_WARN_OBJC_IMPLICIT_RETAIN_SELF = YES;
				CLANG_WARN_OBJC_LITERAL_CONVERSION = YES;
				CLANG_WARN_OBJC_ROOT_CLASS = YES_ERROR;
				CLANG_WARN_QUOTED_INCLUDE_IN_FRAMEWORK_HEADER = YES;
				CLANG_WARN_RANGE_LOOP_ANALYSIS = YES;
				CLANG_WARN_STRICT_PROTOTYPES = YES;
				CLANG_WARN_SUSPICIOUS_MOVE = YES;
				CLANG_WARN_UNGUARDED_AVAILABILITY = YES_AGGRESSIVE;
				CLANG_WARN_UNREACHABLE_CODE = YES;
				CLANG_WARN__DUPLICATE_METHOD_MATCH = YES;
				COPY_PHASE_STRIP = NO;
				DEBUG_INFORMATION_FORMAT = dwarf;
				ENABLE_STRICT_OBJC_MSGSEND = YES;
				ENABLE_TESTABILITY = YES;
				GCC_C_LANGUAGE_STANDARD = gnu11;
				GCC_DYNAMIC_NO_PIC = NO;
				GCC_NO_COMMON_BLOCKS = YES;
				GCC_OPTIMIZATION_LEVEL = 0;
				GCC_PREPROCESSOR_DEFINITIONS = (
					"DEBUG=1",
					"$(inherited)",
				);
				GCC_WARN_64_TO_32_BIT_CONVERSION = YES;
				GCC_WARN_ABOUT_RETURN_TYPE = YES_ERROR;
				GCC_WARN_UNDECLARED_SELECTOR = YES;
				GCC_WARN_UNINITIALIZED_AUTOS = YES_AGGRESSIVE;
				GCC_WARN_UNUSED_FUNCTION = YES;
				GCC_WARN_UNUSED_VARIABLE = YES;
				IPHONEOS_DEPLOYMENT_TARGET = 16.0;
				MTL_ENABLE_DEBUG_INFO = INCLUDE_SOURCE;
				MTL_FAST_MATH = YES;
				ONLY_ACTIVE_ARCH = YES;
				SDKROOT = iphoneos;
				SWIFT_ACTIVE_COMPILATION_CONDITIONS = DEBUG;
				SWIFT_OPTIMIZATION_LEVEL = "-Onone";
			};
			name = Debug;
		};
		49F74479289D59DA0076D251 /* Release */ = {
			isa = XCBuildConfiguration;
			buildSettings = {
				ALWAYS_SEARCH_USER_PATHS = NO;
				CLANG_ANALYZER_NONNULL = YES;
				CLANG_ANALYZER_NUMBER_OBJECT_CONVERSION = YES_AGGRESSIVE;
				CLANG_CXX_LANGUAGE_STANDARD = "gnu++17";
				CLANG_ENABLE_MODULES = YES;
				CLANG_ENABLE_OBJC_ARC = YES;
				CLANG_ENABLE_OBJC_WEAK = YES;
				CLANG_WARN_BLOCK_CAPTURE_AUTORELEASING = YES;
				CLANG_WARN_BOOL_CONVERSION = YES;
				CLANG_WARN_COMMA = YES;
				CLANG_WARN_CONSTANT_CONVERSION = YES;
				CLANG_WARN_DEPRECATED_OBJC_IMPLEMENTATIONS = YES;
				CLANG_WARN_DIRECT_OBJC_ISA_USAGE = YES_ERROR;
				CLANG_WARN_DOCUMENTATION_COMMENTS = YES;
				CLANG_WARN_EMPTY_BODY = YES;
				CLANG_WARN_ENUM_CONVERSION = YES;
				CLANG_WARN_INFINITE_RECURSION = YES;
				CLANG_WARN_INT_CONVERSION = YES;
				CLANG_WARN_NON_LITERAL_NULL_CONVERSION = YES;
				CLANG_WARN_OBJC_IMPLICIT_RETAIN_SELF = YES;
				CLANG_WARN_OBJC_LITERAL_CONVERSION = YES;
				CLANG_WARN_OBJC_ROOT_CLASS = YES_ERROR;
				CLANG_WARN_QUOTED_INCLUDE_IN_FRAMEWORK_HEADER = YES;
				CLANG_WARN_RANGE_LOOP_ANALYSIS = YES;
				CLANG_WARN_STRICT_PROTOTYPES = YES;
				CLANG_WARN_SUSPICIOUS_MOVE = YES;
				CLANG_WARN_UNGUARDED_AVAILABILITY = YES_AGGRESSIVE;
				CLANG_WARN_UNREACHABLE_CODE = YES;
				CLANG_WARN__DUPLICATE_METHOD_MATCH = YES;
				COPY_PHASE_STRIP = NO;
				DEBUG_INFORMATION_FORMAT = "dwarf-with-dsym";
				ENABLE_NS_ASSERTIONS = NO;
				ENABLE_STRICT_OBJC_MSGSEND = YES;
				GCC_C_LANGUAGE_STANDARD = gnu11;
				GCC_NO_COMMON_BLOCKS = YES;
				GCC_WARN_64_TO_32_BIT_CONVERSION = YES;
				GCC_WARN_ABOUT_RETURN_TYPE = YES_ERROR;
				GCC_WARN_UNDECLARED_SELECTOR = YES;
				GCC_WARN_UNINITIALIZED_AUTOS = YES_AGGRESSIVE;
				GCC_WARN_UNUSED_FUNCTION = YES;
				GCC_WARN_UNUSED_VARIABLE = YES;
				IPHONEOS_DEPLOYMENT_TARGET = 16.0;
				MTL_ENABLE_DEBUG_INFO = NO;
				MTL_FAST_MATH = YES;
				SDKROOT = iphoneos;
				SWIFT_COMPILATION_MODE = wholemodule;
				SWIFT_OPTIMIZATION_LEVEL = "-O";
				VALIDATE_PRODUCT = YES;
			};
			name = Release;
		};
		49F7447B289D59DA0076D251 /* Debug */ = {
			isa = XCBuildConfiguration;
			buildSettings = {
				ALWAYS_EMBED_SWIFT_STANDARD_LIBRARIES = YES;
				ASSETCATALOG_COMPILER_APPICON_NAME = AppIcon;
				ASSETCATALOG_COMPILER_GLOBAL_ACCENT_COLOR_NAME = AccentColor;
				CODE_SIGN_STYLE = Automatic;
				CURRENT_PROJECT_VERSION = 1;
				DEVELOPMENT_ASSET_PATHS = "\"Widgets/Preview Content\"";
				DEVELOPMENT_TEAM = U4SDDHNW98;
				ENABLE_PREVIEWS = YES;
				GENERATE_INFOPLIST_FILE = YES;
				INFOPLIST_FILE = Widgets/Info.plist;
				INFOPLIST_KEY_UIApplicationSceneManifest_Generation = YES;
				INFOPLIST_KEY_UIApplicationSupportsIndirectInputEvents = YES;
				INFOPLIST_KEY_UILaunchScreen_Generation = YES;
				INFOPLIST_KEY_UISupportedInterfaceOrientations_iPad = "UIInterfaceOrientationPortrait UIInterfaceOrientationPortraitUpsideDown UIInterfaceOrientationLandscapeLeft UIInterfaceOrientationLandscapeRight";
				INFOPLIST_KEY_UISupportedInterfaceOrientations_iPhone = "UIInterfaceOrientationPortrait UIInterfaceOrientationLandscapeLeft UIInterfaceOrientationLandscapeRight";
				LD_RUNPATH_SEARCH_PATHS = (
					"$(inherited)",
					"@executable_path/Frameworks",
				);
				MARKETING_VERSION = 1.0;
				PRODUCT_BUNDLE_IDENTIFIER = "com.serg-ios.Widgets";
				PRODUCT_NAME = "$(TARGET_NAME)";
				SWIFT_EMIT_LOC_STRINGS = YES;
				SWIFT_VERSION = 5.0;
				TARGETED_DEVICE_FAMILY = "1,2";
			};
			name = Debug;
		};
		49F7447C289D59DA0076D251 /* Release */ = {
			isa = XCBuildConfiguration;
			buildSettings = {
				ALWAYS_EMBED_SWIFT_STANDARD_LIBRARIES = YES;
				ASSETCATALOG_COMPILER_APPICON_NAME = AppIcon;
				ASSETCATALOG_COMPILER_GLOBAL_ACCENT_COLOR_NAME = AccentColor;
				CODE_SIGN_STYLE = Automatic;
				CURRENT_PROJECT_VERSION = 1;
				DEVELOPMENT_ASSET_PATHS = "\"Widgets/Preview Content\"";
				DEVELOPMENT_TEAM = U4SDDHNW98;
				ENABLE_PREVIEWS = YES;
				GENERATE_INFOPLIST_FILE = YES;
				INFOPLIST_FILE = Widgets/Info.plist;
				INFOPLIST_KEY_UIApplicationSceneManifest_Generation = YES;
				INFOPLIST_KEY_UIApplicationSupportsIndirectInputEvents = YES;
				INFOPLIST_KEY_UILaunchScreen_Generation = YES;
				INFOPLIST_KEY_UISupportedInterfaceOrientations_iPad = "UIInterfaceOrientationPortrait UIInterfaceOrientationPortraitUpsideDown UIInterfaceOrientationLandscapeLeft UIInterfaceOrientationLandscapeRight";
				INFOPLIST_KEY_UISupportedInterfaceOrientations_iPhone = "UIInterfaceOrientationPortrait UIInterfaceOrientationLandscapeLeft UIInterfaceOrientationLandscapeRight";
				LD_RUNPATH_SEARCH_PATHS = (
					"$(inherited)",
					"@executable_path/Frameworks",
				);
				MARKETING_VERSION = 1.0;
				PRODUCT_BUNDLE_IDENTIFIER = "com.serg-ios.Widgets";
				PRODUCT_NAME = "$(TARGET_NAME)";
				SWIFT_EMIT_LOC_STRINGS = YES;
				SWIFT_VERSION = 5.0;
				TARGETED_DEVICE_FAMILY = "1,2";
			};
			name = Release;
		};
		49F74494289D5A2E0076D251 /* Debug */ = {
			isa = XCBuildConfiguration;
			buildSettings = {
				ASSETCATALOG_COMPILER_GLOBAL_ACCENT_COLOR_NAME = AccentColor;
				ASSETCATALOG_COMPILER_WIDGET_BACKGROUND_COLOR_NAME = WidgetBackground;
				CODE_SIGN_STYLE = Automatic;
				CURRENT_PROJECT_VERSION = 1;
				DEVELOPMENT_TEAM = U4SDDHNW98;
				GENERATE_INFOPLIST_FILE = YES;
				INFOPLIST_FILE = WidgetExtension/Info.plist;
				INFOPLIST_KEY_CFBundleDisplayName = WidgetExtension;
				INFOPLIST_KEY_NSHumanReadableCopyright = "";
				LD_RUNPATH_SEARCH_PATHS = (
					"$(inherited)",
					"@executable_path/Frameworks",
					"@executable_path/../../Frameworks",
				);
				MARKETING_VERSION = 1.0;
				PRODUCT_BUNDLE_IDENTIFIER = "com.serg-ios.Widgets.WidgetExtension";
				PRODUCT_NAME = "$(TARGET_NAME)";
				SKIP_INSTALL = YES;
				SWIFT_EMIT_LOC_STRINGS = YES;
				SWIFT_VERSION = 5.0;
				TARGETED_DEVICE_FAMILY = "1,2";
			};
			name = Debug;
		};
		49F74495289D5A2E0076D251 /* Release */ = {
			isa = XCBuildConfiguration;
			buildSettings = {
				ASSETCATALOG_COMPILER_GLOBAL_ACCENT_COLOR_NAME = AccentColor;
				ASSETCATALOG_COMPILER_WIDGET_BACKGROUND_COLOR_NAME = WidgetBackground;
				CODE_SIGN_STYLE = Automatic;
				CURRENT_PROJECT_VERSION = 1;
				DEVELOPMENT_TEAM = U4SDDHNW98;
				GENERATE_INFOPLIST_FILE = YES;
				INFOPLIST_FILE = WidgetExtension/Info.plist;
				INFOPLIST_KEY_CFBundleDisplayName = WidgetExtension;
				INFOPLIST_KEY_NSHumanReadableCopyright = "";
				LD_RUNPATH_SEARCH_PATHS = (
					"$(inherited)",
					"@executable_path/Frameworks",
					"@executable_path/../../Frameworks",
				);
				MARKETING_VERSION = 1.0;
				PRODUCT_BUNDLE_IDENTIFIER = "com.serg-ios.Widgets.WidgetExtension";
				PRODUCT_NAME = "$(TARGET_NAME)";
				SKIP_INSTALL = YES;
				SWIFT_EMIT_LOC_STRINGS = YES;
				SWIFT_VERSION = 5.0;
				TARGETED_DEVICE_FAMILY = "1,2";
			};
			name = Release;
		};
/* End XCBuildConfiguration section */

/* Begin XCConfigurationList section */
		49F74467289D59D90076D251 /* Build configuration list for PBXProject "Widgets" */ = {
			isa = XCConfigurationList;
			buildConfigurations = (
				49F74478289D59DA0076D251 /* Debug */,
				49F74479289D59DA0076D251 /* Release */,
			);
			defaultConfigurationIsVisible = 0;
			defaultConfigurationName = Release;
		};
		49F7447A289D59DA0076D251 /* Build configuration list for PBXNativeTarget "Widgets" */ = {
			isa = XCConfigurationList;
			buildConfigurations = (
				49F7447B289D59DA0076D251 /* Debug */,
				49F7447C289D59DA0076D251 /* Release */,
			);
			defaultConfigurationIsVisible = 0;
			defaultConfigurationName = Release;
		};
		49F74493289D5A2E0076D251 /* Build configuration list for PBXNativeTarget "WidgetExtensionExtension" */ = {
			isa = XCConfigurationList;
			buildConfigurations = (
				49F74494289D5A2E0076D251 /* Debug */,
				49F74495289D5A2E0076D251 /* Release */,
			);
			defaultConfigurationIsVisible = 0;
			defaultConfigurationName = Release;
		};
/* End XCConfigurationList section */
	};
	rootObject = 49F74464289D59D90076D251 /* Project object */;
}
